
Microsoft Visual Studio Solution File, Format Version 12.00
# Visual Studio 2012
Project("{FAE04EC0-301F-11D3-BF4B-00C04F79EFBC}") = "BFS", "BFS\BFS.csproj", "{135DEDB5-B533-4832-8E71-2CA76574E663}"
EndProject
Global
	GlobalSection(SolutionConfigurationPlatforms) = preSolution
		Debug|x86 = Debug|x86
		Release|x86 = Release|x86
	EndGlobalSection
	GlobalSection(ProjectConfigurationPlatforms) = postSolution
		{135DEDB5-B533-4832-8E71-2CA76574E663}.Debug|x86.ActiveCfg = Debug|x86
		{135DEDB5-B533-4832-8E71-2CA76574E663}.Debug|x86.Build.0 = Debug|x86
		{135DEDB5-B533-4832-8E71-2CA76574E663}.Release|x86.ActiveCfg = Release|x86
		{135DEDB5-B533-4832-8E71-2CA76574E663}.Release|x86.Build.0 = Release|x86
	EndGlobalSection
EndGlobal
